
Microsoft Visual Studio Solution File, Format Version 12.00
# Visual Studio Version 17
VisualStudioVersion = 17.14.36414.22 d17.14
MinimumVisualStudioVersion = 10.0.40219.1
Project("{FAE04EC0-301F-11D3-BF4B-00C04F79EFBC}") = "GetWayPro", "GetWayPro\GetWayPro.csproj", "{4106192E-D06A-4702-AA28-783DCF6676FD}"
EndProject
Global
	GlobalSection(SolutionConfigurationPlatforms) = preSolution
		Debug|Any CPU = Debug|Any CPU
		Release|Any CPU = Release|Any CPU
	EndGlobalSection
	GlobalSection(ProjectConfigurationPlatforms) = postSolution
		{4106192E-D06A-4702-AA28-783DCF6676FD}.Debug|Any CPU.ActiveCfg = Debug|Any CPU
		{4106192E-D06A-4702-AA28-783DCF6676FD}.Debug|Any CPU.Build.0 = Debug|Any CPU
		{4106192E-D06A-4702-AA28-783DCF6676FD}.Release|Any CPU.ActiveCfg = Release|Any CPU
		{4106192E-D06A-4702-AA28-783DCF6676FD}.Release|Any CPU.Build.0 = Release|Any CPU
	EndGlobalSection
	GlobalSection(SolutionProperties) = preSolution
		HideSolutionNode = FALSE
	EndGlobalSection
	GlobalSection(ExtensibilityGlobals) = postSolution
		SolutionGuid = {5B2CD39C-2E1D-45E7-B4B7-9370C5EC4D3F}
	EndGlobalSection
EndGlobal
